// !$*UTF8*$!
{
	archiveVersion = 1;
	classes = {
	};
	objectVersion = 46;
	objects = {

/* Begin PBXBuildFile section */
		8AF7A2A71A5C55FE00F3B157 /* libAKTransliteration.a in Frameworks */ = {isa = PBXBuildFile; fileRef = 8AF7A29B1A5C55FE00F3B157 /* libAKTransliteration.a */; };
		8AF7A2B91A5C56A300F3B157 /* AKTransliteration.m in Sources */ = {isa = PBXBuildFile; fileRef = 8AF7A2B61A5C56A300F3B157 /* AKTransliteration.m */; };
		ABA7BC20E81C7BEAD671EBF6 /* AKBuiltInRules.m in Sources */ = {isa = PBXBuildFile; fileRef = ABA7B81864C48ABBDA61CF0E /* AKBuiltInRules.m */; };
/* End PBXBuildFile section */

/* Begin PBXContainerItemProxy section */
		8AF7A2A81A5C55FE00F3B157 /* PBXContainerItemProxy */ = {
			isa = PBXContainerItemProxy;
			containerPortal = 8AF7A2931A5C55FE00F3B157 /* Project object */;
			proxyType = 1;
			remoteGlobalIDString = 8AF7A29A1A5C55FE00F3B157;
			remoteInfo = AKTransliteration;
		};
/* End PBXContainerItemProxy section */

/* Begin PBXCopyFilesBuildPhase section */
		8AF7A2991A5C55FE00F3B157 /* CopyFiles */ = {
			isa = PBXCopyFilesBuildPhase;
			buildActionMask = 2147483647;
			dstPath = "include/$(PRODUCT_NAME)";
			dstSubfolderSpec = 16;
			files = (
			);
			runOnlyForDeploymentPostprocessing = 0;
		};
/* End PBXCopyFilesBuildPhase section */

/* Begin PBXFileReference section */
		8AF7A29B1A5C55FE00F3B157 /* libAKTransliteration.a */ = {isa = PBXFileReference; explicitFileType = archive.ar; includeInIndex = 0; path = libAKTransliteration.a; sourceTree = BUILT_PRODUCTS_DIR; };
		8AF7A2A61A5C55FE00F3B157 /* AKTransliterationTests.xctest */ = {isa = PBXFileReference; explicitFileType = wrapper.cfbundle; includeInIndex = 0; path = AKTransliterationTests.xctest; sourceTree = BUILT_PRODUCTS_DIR; };
		8AF7A2AC1A5C55FE00F3B157 /* Info.plist */ = {isa = PBXFileReference; lastKnownFileType = text.plist.xml; path = Info.plist; sourceTree = "<group>"; };
		8AF7A2B51A5C56A300F3B157 /* AKTransliteration.h */ = {isa = PBXFileReference; fileEncoding = 4; lastKnownFileType = sourcecode.c.h; path = AKTransliteration.h; sourceTree = SOURCE_ROOT; };
		8AF7A2B61A5C56A300F3B157 /* AKTransliteration.m */ = {isa = PBXFileReference; fileEncoding = 4; lastKnownFileType = sourcecode.c.objc; path = AKTransliteration.m; sourceTree = SOURCE_ROOT; };
		8AF7A2B71A5C56A300F3B157 /* EnRuRules.plist */ = {isa = PBXFileReference; fileEncoding = 4; lastKnownFileType = text.plist.xml; path = EnRuRules.plist; sourceTree = SOURCE_ROOT; };
		8AF7A2B81A5C56A300F3B157 /* RuEnRules.plist */ = {isa = PBXFileReference; fileEncoding = 4; lastKnownFileType = text.plist.xml; path = RuEnRules.plist; sourceTree = SOURCE_ROOT; };
		8AF7A2BA1A5C57EF00F3B157 /* AKTransliteration-Prefix.pch */ = {isa = PBXFileReference; lastKnownFileType = sourcecode.c.h; path = "AKTransliteration-Prefix.pch"; sourceTree = SOURCE_ROOT; };
		ABA7B81864C48ABBDA61CF0E /* AKBuiltInRules.m */ = {isa = PBXFileReference; fileEncoding = 4; lastKnownFileType = sourcecode.c.objc; path = AKBuiltInRules.m; sourceTree = SOURCE_ROOT; };
		ABA7BD29D19714F7E2548987 /* AKBuiltInRules.h */ = {isa = PBXFileReference; fileEncoding = 4; lastKnownFileType = sourcecode.c.h; path = AKBuiltInRules.h; sourceTree = SOURCE_ROOT; };
/* End PBXFileReference section */

/* Begin PBXFrameworksBuildPhase section */
		8AF7A2981A5C55FE00F3B157 /* Frameworks */ = {
			isa = PBXFrameworksBuildPhase;
			buildActionMask = 2147483647;
			files = (
			);
			runOnlyForDeploymentPostprocessing = 0;
		};
		8AF7A2A31A5C55FE00F3B157 /* Frameworks */ = {
			isa = PBXFrameworksBuildPhase;
			buildActionMask = 2147483647;
			files = (
				8AF7A2A71A5C55FE00F3B157 /* libAKTransliteration.a in Frameworks */,
			);
			runOnlyForDeploymentPostprocessing = 0;
		};
/* End PBXFrameworksBuildPhase section */

/* Begin PBXGroup section */
		8AF7A2921A5C55FE00F3B157 = {
			isa = PBXGroup;
			children = (
				8AF7A29D1A5C55FE00F3B157 /* AKTransliteration */,
				8AF7A2AA1A5C55FE00F3B157 /* AKTransliterationTests */,
				8AF7A29C1A5C55FE00F3B157 /* Products */,
			);
			sourceTree = "<group>";
		};
		8AF7A29C1A5C55FE00F3B157 /* Products */ = {
			isa = PBXGroup;
			children = (
				8AF7A29B1A5C55FE00F3B157 /* libAKTransliteration.a */,
				8AF7A2A61A5C55FE00F3B157 /* AKTransliterationTests.xctest */,
			);
			name = Products;
			sourceTree = "<group>";
		};
		8AF7A29D1A5C55FE00F3B157 /* AKTransliteration */ = {
			isa = PBXGroup;
			children = (
				8AF7A2B51A5C56A300F3B157 /* AKTransliteration.h */,
				8AF7A2B61A5C56A300F3B157 /* AKTransliteration.m */,
				8AF7A2B71A5C56A300F3B157 /* EnRuRules.plist */,
				8AF7A2B81A5C56A300F3B157 /* RuEnRules.plist */,
				8AF7A2BB1A5C580700F3B157 /* Supporting Files */,
				ABA7B81864C48ABBDA61CF0E /* AKBuiltInRules.m */,
				ABA7BD29D19714F7E2548987 /* AKBuiltInRules.h */,
			);
			path = AKTransliteration;
			sourceTree = "<group>";
		};
		8AF7A2AA1A5C55FE00F3B157 /* AKTransliterationTests */ = {
			isa = PBXGroup;
			children = (
				8AF7A2AB1A5C55FE00F3B157 /* Supporting Files */,
			);
			path = AKTransliterationTests;
			sourceTree = "<group>";
		};
		8AF7A2AB1A5C55FE00F3B157 /* Supporting Files */ = {
			isa = PBXGroup;
			children = (
				8AF7A2AC1A5C55FE00F3B157 /* Info.plist */,
			);
			name = "Supporting Files";
			sourceTree = "<group>";
		};
		8AF7A2BB1A5C580700F3B157 /* Supporting Files */ = {
			isa = PBXGroup;
			children = (
				8AF7A2BA1A5C57EF00F3B157 /* AKTransliteration-Prefix.pch */,
			);
			name = "Supporting Files";
			sourceTree = "<group>";
		};
/* End PBXGroup section */

/* Begin PBXNativeTarget section */
		8AF7A29A1A5C55FE00F3B157 /* AKTransliteration */ = {
			isa = PBXNativeTarget;
			buildConfigurationList = 8AF7A2AF1A5C55FE00F3B157 /* Build configuration list for PBXNativeTarget "AKTransliteration" */;
			buildPhases = (
				8AF7A2971A5C55FE00F3B157 /* Sources */,
				8AF7A2981A5C55FE00F3B157 /* Frameworks */,
				8AF7A2991A5C55FE00F3B157 /* CopyFiles */,
			);
			buildRules = (
			);
			dependencies = (
			);
			name = AKTransliteration;
			productName = AKTransliteration;
			productReference = 8AF7A29B1A5C55FE00F3B157 /* libAKTransliteration.a */;
			productType = "com.apple.product-type.library.static";
		};
		8AF7A2A51A5C55FE00F3B157 /* AKTransliterationTests */ = {
			isa = PBXNativeTarget;
			buildConfigurationList = 8AF7A2B21A5C55FE00F3B157 /* Build configuration list for PBXNativeTarget "AKTransliterationTests" */;
			buildPhases = (
				8AF7A2A21A5C55FE00F3B157 /* Sources */,
				8AF7A2A31A5C55FE00F3B157 /* Frameworks */,
				8AF7A2A41A5C55FE00F3B157 /* Resources */,
			);
			buildRules = (
			);
			dependencies = (
				8AF7A2A91A5C55FE00F3B157 /* PBXTargetDependency */,
			);
			name = AKTransliterationTests;
			productName = AKTransliterationTests;
			productReference = 8AF7A2A61A5C55FE00F3B157 /* AKTransliterationTests.xctest */;
			productType = "com.apple.product-type.bundle.unit-test";
		};
/* End PBXNativeTarget section */

/* Begin PBXProject section */
		8AF7A2931A5C55FE00F3B157 /* Project object */ = {
			isa = PBXProject;
			attributes = {
				LastUpgradeCheck = 0610;
				ORGANIZATIONNAME = "Aleksey Kozhevnikov";
				TargetAttributes = {
					8AF7A29A1A5C55FE00F3B157 = {
						CreatedOnToolsVersion = 6.1.1;
					};
					8AF7A2A51A5C55FE00F3B157 = {
						CreatedOnToolsVersion = 6.1.1;
					};
				};
			};
			buildConfigurationList = 8AF7A2961A5C55FE00F3B157 /* Build configuration list for PBXProject "AKTransliteration" */;
			compatibilityVersion = "Xcode 3.2";
			developmentRegion = English;
			hasScannedForEncodings = 0;
			knownRegions = (
				en,
			);
			mainGroup = 8AF7A2921A5C55FE00F3B157;
			productRefGroup = 8AF7A29C1A5C55FE00F3B157 /* Products */;
			projectDirPath = "";
			projectRoot = "";
			targets = (
				8AF7A29A1A5C55FE00F3B157 /* AKTransliteration */,
				8AF7A2A51A5C55FE00F3B157 /* AKTransliterationTests */,
			);
		};
/* End PBXProject section */

/* Begin PBXResourcesBuildPhase section */
		8AF7A2A41A5C55FE00F3B157 /* Resources */ = {
			isa = PBXResourcesBuildPhase;
			buildActionMask = 2147483647;
			files = (
			);
			runOnlyForDeploymentPostprocessing = 0;
		};
/* End PBXResourcesBuildPhase section */

/* Begin PBXSourcesBuildPhase section */
		8AF7A2971A5C55FE00F3B157 /* Sources */ = {
			isa = PBXSourcesBuildPhase;
			buildActionMask = 2147483647;
			files = (
				8AF7A2B91A5C56A300F3B157 /* AKTransliteration.m in Sources */,
				ABA7BC20E81C7BEAD671EBF6 /* AKBuiltInRules.m in Sources */,
			);
			runOnlyForDeploymentPostprocessing = 0;
		};
		8AF7A2A21A5C55FE00F3B157 /* Sources */ = {
			isa = PBXSourcesBuildPhase;
			buildActionMask = 2147483647;
			files = (
			);
			runOnlyForDeploymentPostprocessing = 0;
		};
/* End PBXSourcesBuildPhase section */

/* Begin PBXTargetDependency section */
		8AF7A2A91A5C55FE00F3B157 /* PBXTargetDependency */ = {
			isa = PBXTargetDependency;
			target = 8AF7A29A1A5C55FE00F3B157 /* AKTransliteration */;
			targetProxy = 8AF7A2A81A5C55FE00F3B157 /* PBXContainerItemProxy */;
		};
/* End PBXTargetDependency section */

/* Begin XCBuildConfiguration section */
		8AF7A2AD1A5C55FE00F3B157 /* Debug */ = {
			isa = XCBuildConfiguration;
			buildSettings = {
				ALWAYS_SEARCH_USER_PATHS = NO;
				CLANG_CXX_LANGUAGE_STANDARD = "gnu++0x";
				CLANG_CXX_LIBRARY = "libc++";
				CLANG_ENABLE_MODULES = YES;
				CLANG_ENABLE_OBJC_ARC = YES;
				CLANG_WARN_BOOL_CONVERSION = YES;
				CLANG_WARN_CONSTANT_CONVERSION = YES;
				CLANG_WARN_DIRECT_OBJC_ISA_USAGE = YES_ERROR;
				CLANG_WARN_EMPTY_BODY = YES;
				CLANG_WARN_ENUM_CONVERSION = YES;
				CLANG_WARN_INT_CONVERSION = YES;
				CLANG_WARN_OBJC_ROOT_CLASS = YES_ERROR;
				CLANG_WARN_UNREACHABLE_CODE = YES;
				CLANG_WARN__DUPLICATE_METHOD_MATCH = YES;
				COPY_PHASE_STRIP = NO;
				ENABLE_STRICT_OBJC_MSGSEND = YES;
				GCC_C_LANGUAGE_STANDARD = gnu99;
				GCC_DYNAMIC_NO_PIC = NO;
				GCC_OPTIMIZATION_LEVEL = 0;
				GCC_PREPROCESSOR_DEFINITIONS = (
					"DEBUG=1",
					"$(inherited)",
				);
				GCC_SYMBOLS_PRIVATE_EXTERN = NO;
				GCC_WARN_64_TO_32_BIT_CONVERSION = YES;
				GCC_WARN_ABOUT_RETURN_TYPE = YES_ERROR;
				GCC_WARN_UNDECLARED_SELECTOR = YES;
				GCC_WARN_UNINITIALIZED_AUTOS = YES_AGGRESSIVE;
				GCC_WARN_UNUSED_FUNCTION = YES;
				GCC_WARN_UNUSED_VARIABLE = YES;
				IPHONEOS_DEPLOYMENT_TARGET = 8.1;
				MTL_ENABLE_DEBUG_INFO = YES;
				ONLY_ACTIVE_ARCH = YES;
				SDKROOT = iphoneos;
			};
			name = Debug;
		};
		8AF7A2AE1A5C55FE00F3B157 /* Release */ = {
			isa = XCBuildConfiguration;
			buildSettings = {
				ALWAYS_SEARCH_USER_PATHS = NO;
				CLANG_CXX_LANGUAGE_STANDARD = "gnu++0x";
				CLANG_CXX_LIBRARY = "libc++";
				CLANG_ENABLE_MODULES = YES;
				CLANG_ENABLE_OBJC_ARC = YES;
				CLANG_WARN_BOOL_CONVERSION = YES;
				CLANG_WARN_CONSTANT_CONVERSION = YES;
				CLANG_WARN_DIRECT_OBJC_ISA_USAGE = YES_ERROR;
				CLANG_WARN_EMPTY_BODY = YES;
				CLANG_WARN_ENUM_CONVERSION = YES;
				CLANG_WARN_INT_CONVERSION = YES;
				CLANG_WARN_OBJC_ROOT_CLASS = YES_ERROR;
				CLANG_WARN_UNREACHABLE_CODE = YES;
				CLANG_WARN__DUPLICATE_METHOD_MATCH = YES;
				COPY_PHASE_STRIP = YES;
				ENABLE_NS_ASSERTIONS = NO;
				ENABLE_STRICT_OBJC_MSGSEND = YES;
				GCC_C_LANGUAGE_STANDARD = gnu99;
				GCC_WARN_64_TO_32_BIT_CONVERSION = YES;
				GCC_WARN_ABOUT_RETURN_TYPE = YES_ERROR;
				GCC_WARN_UNDECLARED_SELECTOR = YES;
				GCC_WARN_UNINITIALIZED_AUTOS = YES_AGGRESSIVE;
				GCC_WARN_UNUSED_FUNCTION = YES;
				GCC_WARN_UNUSED_VARIABLE = YES;
				IPHONEOS_DEPLOYMENT_TARGET = 8.1;
				MTL_ENABLE_DEBUG_INFO = NO;
				SDKROOT = iphoneos;
				VALIDATE_PRODUCT = YES;
			};
			name = Release;
		};
		8AF7A2B01A5C55FE00F3B157 /* Debug */ = {
			isa = XCBuildConfiguration;
			buildSettings = {
				GCC_PREFIX_HEADER = "AKTransliteration-Prefix.pch";
				OTHER_LDFLAGS = "-ObjC";
				PRODUCT_NAME = "$(TARGET_NAME)";
				SKIP_INSTALL = YES;
			};
			name = Debug;
		};
		8AF7A2B11A5C55FE00F3B157 /* Release */ = {
			isa = XCBuildConfiguration;
			buildSettings = {
				GCC_PREFIX_HEADER = "AKTransliteration-Prefix.pch";
				OTHER_LDFLAGS = "-ObjC";
				PRODUCT_NAME = "$(TARGET_NAME)";
				SKIP_INSTALL = YES;
			};
			name = Release;
		};
		8AF7A2B31A5C55FE00F3B157 /* Debug */ = {
			isa = XCBuildConfiguration;
			buildSettings = {
				FRAMEWORK_SEARCH_PATHS = (
					"$(SDKROOT)/Developer/Library/Frameworks",
					"$(inherited)",
				);
				GCC_PREFIX_HEADER = "AKTransliteration-Prefix.pch";
				GCC_PREPROCESSOR_DEFINITIONS = (
					"DEBUG=1",
					"$(inherited)",
				);
				INFOPLIST_FILE = AKTransliterationTests/Info.plist;
				LD_RUNPATH_SEARCH_PATHS = "$(inherited) @executable_path/Frameworks @loader_path/Frameworks";
				PRODUCT_NAME = "$(TARGET_NAME)";
			};
			name = Debug;
		};
		8AF7A2B41A5C55FE00F3B157 /* Release */ = {
			isa = XCBuildConfiguration;
			buildSettings = {
				FRAMEWORK_SEARCH_PATHS = (
					"$(SDKROOT)/Developer/Library/Frameworks",
					"$(inherited)",
				);
				GCC_PREFIX_HEADER = "AKTransliteration-Prefix.pch";
				INFOPLIST_FILE = AKTransliterationTests/Info.plist;
				LD_RUNPATH_SEARCH_PATHS = "$(inherited) @executable_path/Frameworks @loader_path/Frameworks";
				PRODUCT_NAME = "$(TARGET_NAME)";
			};
			name = Release;
		};
/* End XCBuildConfiguration section */

/* Begin XCConfigurationList section */
		8AF7A2961A5C55FE00F3B157 /* Build configuration list for PBXProject "AKTransliteration" */ = {
			isa = XCConfigurationList;
			buildConfigurations = (
				8AF7A2AD1A5C55FE00F3B157 /* Debug */,
				8AF7A2AE1A5C55FE00F3B157 /* Release */,
			);
			defaultConfigurationIsVisible = 0;
			defaultConfigurationName = Release;
		};
		8AF7A2AF1A5C55FE00F3B157 /* Build configuration list for PBXNativeTarget "AKTransliteration" */ = {
			isa = XCConfigurationList;
			buildConfigurations = (
				8AF7A2B01A5C55FE00F3B157 /* Debug */,
				8AF7A2B11A5C55FE00F3B157 /* Release */,
			);
			defaultConfigurationIsVisible = 0;
		};
		8AF7A2B21A5C55FE00F3B157 /* Build configuration list for PBXNativeTarget "AKTransliterationTests" */ = {
			isa = XCConfigurationList;
			buildConfigurations = (
				8AF7A2B31A5C55FE00F3B157 /* Debug */,
				8AF7A2B41A5C55FE00F3B157 /* Release */,
			);
			defaultConfigurationIsVisible = 0;
		};
/* End XCConfigurationList section */
	};
	rootObject = 8AF7A2931A5C55FE00F3B157 /* Project object */;
}
